
Microsoft Visual Studio Solution File, Format Version 10.00
# Visual Studio 2008
Project("{2150E333-8FDC-42A3-9474-1A3956D46DE8}") = "Solution Items", "Solution Items", "{18B3E50E-454E-49DB-A92F-E1D7DAD2AF7D}"
	ProjectSection(SolutionItems) = preProject
		Esent1.vsmdi = Esent1.vsmdi
	EndProjectSection
EndProject
Project("{FAE04EC0-301F-11D3-BF4B-00C04F79EFBC}") = "EsentInterop", "EsentInterop.csproj", "{E929E163-52A0-4AAC-917B-6D7FAF70C45E}"
EndProject
Project("{FAE04EC0-301F-11D3-BF4B-00C04F79EFBC}") = "EsentInteropTests", "EsentInteropTests\EsentInteropTests.csproj", "{85B2B7BB-BF95-42DF-8CBF-348AEF63BD1F}"
EndProject
Project("{FAE04EC0-301F-11D3-BF4B-00C04F79EFBC}") = "DbUtil", "..\EsentInteropSamples\DbUtil\DbUtil.csproj", "{E0B163B0-5AC6-4304-B932-BFC1F6A2A4EB}"
EndProject
Project("{FAE04EC0-301F-11D3-BF4B-00C04F79EFBC}") = "StockSample", "..\EsentInteropSamples\StockSample\StockSample.csproj", "{B0E6D3AB-26F8-4A77-A7E1-D8024B8FFFCF}"
EndProject
Project("{FAE04EC0-301F-11D3-BF4B-00C04F79EFBC}") = "Pixie", "..\Pixie\Pixie.csproj", "{C04E3673-CBA3-4B15-8D92-98AC0C676ADB}"
EndProject
Project("{FAE04EC0-301F-11D3-BF4B-00C04F79EFBC}") = "PixieTests", "..\Pixie\PixieTests\PixieTests.csproj", "{7B70729C-8E3E-4D2C-8927-7ADB07D218F8}"
EndProject
Project("{FAE04EC0-301F-11D3-BF4B-00C04F79EFBC}") = "PixieSample", "..\PixieSamples\GettingStarted\PixieSample.csproj", "{EB19183E-5224-4801-B073-A15A9AE32C13}"
EndProject
Project("{8BC9CEB8-8B4A-11D0-8D11-00A0C91BC942}") = "PixieConsole", "..\PixieSamples\PixieConsole\PixieConsole.vcproj", "{D79661E1-A005-4692-9531-A93ED17B16C5}"
EndProject
Global
	GlobalSection(TestCaseManagementSettings) = postSolution
		CategoryFile = Esent1.vsmdi
	EndGlobalSection
	GlobalSection(SolutionConfigurationPlatforms) = preSolution
		Debug|Any CPU = Debug|Any CPU
		Debug|Mixed Platforms = Debug|Mixed Platforms
		Debug|Win32 = Debug|Win32
		Debug|x64 = Debug|x64
		Full|Any CPU = Full|Any CPU
		Full|Mixed Platforms = Full|Mixed Platforms
		Full|Win32 = Full|Win32
		Full|x64 = Full|x64
		Release|Any CPU = Release|Any CPU
		Release|Mixed Platforms = Release|Mixed Platforms
		Release|Win32 = Release|Win32
		Release|x64 = Release|x64
	EndGlobalSection
	GlobalSection(ProjectConfigurationPlatforms) = postSolution
		{E929E163-52A0-4AAC-917B-6D7FAF70C45E}.Debug|Any CPU.ActiveCfg = Debug|Any CPU
		{E929E163-52A0-4AAC-917B-6D7FAF70C45E}.Debug|Any CPU.Build.0 = Debug|Any CPU
		{E929E163-52A0-4AAC-917B-6D7FAF70C45E}.Debug|Mixed Platforms.ActiveCfg = Debug|Any CPU
		{E929E163-52A0-4AAC-917B-6D7FAF70C45E}.Debug|Mixed Platforms.Build.0 = Debug|Any CPU
		{E929E163-52A0-4AAC-917B-6D7FAF70C45E}.Debug|Win32.ActiveCfg = Debug|Any CPU
		{E929E163-52A0-4AAC-917B-6D7FAF70C45E}.Debug|x64.ActiveCfg = Debug|x64
		{E929E163-52A0-4AAC-917B-6D7FAF70C45E}.Debug|x64.Build.0 = Debug|x64
		{E929E163-52A0-4AAC-917B-6D7FAF70C45E}.Full|Any CPU.ActiveCfg = Full|Any CPU
		{E929E163-52A0-4AAC-917B-6D7FAF70C45E}.Full|Any CPU.Build.0 = Full|Any CPU
		{E929E163-52A0-4AAC-917B-6D7FAF70C45E}.Full|Mixed Platforms.ActiveCfg = Full|x64
		{E929E163-52A0-4AAC-917B-6D7FAF70C45E}.Full|Mixed Platforms.Build.0 = Full|x64
		{E929E163-52A0-4AAC-917B-6D7FAF70C45E}.Full|Win32.ActiveCfg = Full|x64
		{E929E163-52A0-4AAC-917B-6D7FAF70C45E}.Full|x64.ActiveCfg = Full|x64
		{E929E163-52A0-4AAC-917B-6D7FAF70C45E}.Full|x64.Build.0 = Full|x64
		{E929E163-52A0-4AAC-917B-6D7FAF70C45E}.Release|Any CPU.ActiveCfg = Release|Any CPU
		{E929E163-52A0-4AAC-917B-6D7FAF70C45E}.Release|Any CPU.Build.0 = Release|Any CPU
		{E929E163-52A0-4AAC-917B-6D7FAF70C45E}.Release|Mixed Platforms.ActiveCfg = Release|Any CPU
		{E929E163-52A0-4AAC-917B-6D7FAF70C45E}.Release|Mixed Platforms.Build.0 = Release|Any CPU
		{E929E163-52A0-4AAC-917B-6D7FAF70C45E}.Release|Win32.ActiveCfg = Release|Any CPU
		{E929E163-52A0-4AAC-917B-6D7FAF70C45E}.Release|x64.ActiveCfg = Release|x64
		{E929E163-52A0-4AAC-917B-6D7FAF70C45E}.Release|x64.Build.0 = Release|x64
		{85B2B7BB-BF95-42DF-8CBF-348AEF63BD1F}.Debug|Any CPU.ActiveCfg = Debug|Any CPU
		{85B2B7BB-BF95-42DF-8CBF-348AEF63BD1F}.Debug|Any CPU.Build.0 = Debug|Any CPU
		{85B2B7BB-BF95-42DF-8CBF-348AEF63BD1F}.Debug|Mixed Platforms.ActiveCfg = Debug|x64
		{85B2B7BB-BF95-42DF-8CBF-348AEF63BD1F}.Debug|Mixed Platforms.Build.0 = Debug|x64
		{85B2B7BB-BF95-42DF-8CBF-348AEF63BD1F}.Debug|Win32.ActiveCfg = Debug|x64
		{85B2B7BB-BF95-42DF-8CBF-348AEF63BD1F}.Debug|x64.ActiveCfg = Debug|x64
		{85B2B7BB-BF95-42DF-8CBF-348AEF63BD1F}.Debug|x64.Build.0 = Debug|x64
		{85B2B7BB-BF95-42DF-8CBF-348AEF63BD1F}.Full|Any CPU.ActiveCfg = Full|Any CPU
		{85B2B7BB-BF95-42DF-8CBF-348AEF63BD1F}.Full|Any CPU.Build.0 = Full|Any CPU
		{85B2B7BB-BF95-42DF-8CBF-348AEF63BD1F}.Full|Mixed Platforms.ActiveCfg = Full|x64
		{85B2B7BB-BF95-42DF-8CBF-348AEF63BD1F}.Full|Mixed Platforms.Build.0 = Full|x64
		{85B2B7BB-BF95-42DF-8CBF-348AEF63BD1F}.Full|Win32.ActiveCfg = Full|x64
		{85B2B7BB-BF95-42DF-8CBF-348AEF63BD1F}.Full|x64.ActiveCfg = Full|x64
		{85B2B7BB-BF95-42DF-8CBF-348AEF63BD1F}.Full|x64.Build.0 = Full|x64
		{85B2B7BB-BF95-42DF-8CBF-348AEF63BD1F}.Release|Any CPU.ActiveCfg = Release|Any CPU
		{85B2B7BB-BF95-42DF-8CBF-348AEF63BD1F}.Release|Any CPU.Build.0 = Release|Any CPU
		{85B2B7BB-BF95-42DF-8CBF-348AEF63BD1F}.Release|Mixed Platforms.ActiveCfg = Release|x64
		{85B2B7BB-BF95-42DF-8CBF-348AEF63BD1F}.Release|Mixed Platforms.Build.0 = Release|x64
		{85B2B7BB-BF95-42DF-8CBF-348AEF63BD1F}.Release|Win32.ActiveCfg = Release|x64
		{85B2B7BB-BF95-42DF-8CBF-348AEF63BD1F}.Release|x64.ActiveCfg = Release|x64
		{85B2B7BB-BF95-42DF-8CBF-348AEF63BD1F}.Release|x64.Build.0 = Release|x64
		{E0B163B0-5AC6-4304-B932-BFC1F6A2A4EB}.Debug|Any CPU.ActiveCfg = Debug|Any CPU
		{E0B163B0-5AC6-4304-B932-BFC1F6A2A4EB}.Debug|Any CPU.Build.0 = Debug|Any CPU
		{E0B163B0-5AC6-4304-B932-BFC1F6A2A4EB}.Debug|Mixed Platforms.ActiveCfg = Debug|x64
		{E0B163B0-5AC6-4304-B932-BFC1F6A2A4EB}.Debug|Mixed Platforms.Build.0 = Debug|x64
		{E0B163B0-5AC6-4304-B932-BFC1F6A2A4EB}.Debug|Win32.ActiveCfg = Debug|x64
		{E0B163B0-5AC6-4304-B932-BFC1F6A2A4EB}.Debug|x64.ActiveCfg = Debug|x64
		{E0B163B0-5AC6-4304-B932-BFC1F6A2A4EB}.Debug|x64.Build.0 = Debug|x64
		{E0B163B0-5AC6-4304-B932-BFC1F6A2A4EB}.Full|Any CPU.ActiveCfg = Full|Any CPU
		{E0B163B0-5AC6-4304-B932-BFC1F6A2A4EB}.Full|Any CPU.Build.0 = Full|Any CPU
		{E0B163B0-5AC6-4304-B932-BFC1F6A2A4EB}.Full|Mixed Platforms.ActiveCfg = Full|x64
		{E0B163B0-5AC6-4304-B932-BFC1F6A2A4EB}.Full|Mixed Platforms.Build.0 = Full|x64
		{E0B163B0-5AC6-4304-B932-BFC1F6A2A4EB}.Full|Win32.ActiveCfg = Full|x64
		{E0B163B0-5AC6-4304-B932-BFC1F6A2A4EB}.Full|x64.ActiveCfg = Full|x64
		{E0B163B0-5AC6-4304-B932-BFC1F6A2A4EB}.Full|x64.Build.0 = Full|x64
		{E0B163B0-5AC6-4304-B932-BFC1F6A2A4EB}.Release|Any CPU.ActiveCfg = Release|Any CPU
		{E0B163B0-5AC6-4304-B932-BFC1F6A2A4EB}.Release|Any CPU.Build.0 = Release|Any CPU
		{E0B163B0-5AC6-4304-B932-BFC1F6A2A4EB}.Release|Mixed Platforms.ActiveCfg = Release|x64
		{E0B163B0-5AC6-4304-B932-BFC1F6A2A4EB}.Release|Mixed Platforms.Build.0 = Release|x64
		{E0B163B0-5AC6-4304-B932-BFC1F6A2A4EB}.Release|Win32.ActiveCfg = Release|x64
		{E0B163B0-5AC6-4304-B932-BFC1F6A2A4EB}.Release|x64.ActiveCfg = Release|x64
		{E0B163B0-5AC6-4304-B932-BFC1F6A2A4EB}.Release|x64.Build.0 = Release|x64
		{B0E6D3AB-26F8-4A77-A7E1-D8024B8FFFCF}.Debug|Any CPU.ActiveCfg = Debug|Any CPU
		{B0E6D3AB-26F8-4A77-A7E1-D8024B8FFFCF}.Debug|Any CPU.Build.0 = Debug|Any CPU
		{B0E6D3AB-26F8-4A77-A7E1-D8024B8FFFCF}.Debug|Mixed Platforms.ActiveCfg = Debug|Any CPU
		{B0E6D3AB-26F8-4A77-A7E1-D8024B8FFFCF}.Debug|Mixed Platforms.Build.0 = Debug|Any CPU
		{B0E6D3AB-26F8-4A77-A7E1-D8024B8FFFCF}.Debug|Win32.ActiveCfg = Debug|Any CPU
		{B0E6D3AB-26F8-4A77-A7E1-D8024B8FFFCF}.Debug|x64.ActiveCfg = Debug|Any CPU
		{B0E6D3AB-26F8-4A77-A7E1-D8024B8FFFCF}.Full|Any CPU.ActiveCfg = Release|Any CPU
		{B0E6D3AB-26F8-4A77-A7E1-D8024B8FFFCF}.Full|Any CPU.Build.0 = Release|Any CPU
		{B0E6D3AB-26F8-4A77-A7E1-D8024B8FFFCF}.Full|Mixed Platforms.ActiveCfg = Release|Any CPU
		{B0E6D3AB-26F8-4A77-A7E1-D8024B8FFFCF}.Full|Mixed Platforms.Build.0 = Release|Any CPU
		{B0E6D3AB-26F8-4A77-A7E1-D8024B8FFFCF}.Full|Win32.ActiveCfg = Release|Any CPU
		{B0E6D3AB-26F8-4A77-A7E1-D8024B8FFFCF}.Full|x64.ActiveCfg = Release|Any CPU
		{B0E6D3AB-26F8-4A77-A7E1-D8024B8FFFCF}.Release|Any CPU.ActiveCfg = Release|Any CPU
		{B0E6D3AB-26F8-4A77-A7E1-D8024B8FFFCF}.Release|Any CPU.Build.0 = Release|Any CPU
		{B0E6D3AB-26F8-4A77-A7E1-D8024B8FFFCF}.Release|Mixed Platforms.ActiveCfg = Release|Any CPU
		{B0E6D3AB-26F8-4A77-A7E1-D8024B8FFFCF}.Release|Mixed Platforms.Build.0 = Release|Any CPU
		{B0E6D3AB-26F8-4A77-A7E1-D8024B8FFFCF}.Release|Win32.ActiveCfg = Release|Any CPU
		{B0E6D3AB-26F8-4A77-A7E1-D8024B8FFFCF}.Release|x64.ActiveCfg = Release|Any CPU
		{C04E3673-CBA3-4B15-8D92-98AC0C676ADB}.Debug|Any CPU.ActiveCfg = Debug|Any CPU
		{C04E3673-CBA3-4B15-8D92-98AC0C676ADB}.Debug|Any CPU.Build.0 = Debug|Any CPU
		{C04E3673-CBA3-4B15-8D92-98AC0C676ADB}.Debug|Mixed Platforms.ActiveCfg = Debug|Any CPU
		{C04E3673-CBA3-4B15-8D92-98AC0C676ADB}.Debug|Mixed Platforms.Build.0 = Debug|Any CPU
		{C04E3673-CBA3-4B15-8D92-98AC0C676ADB}.Debug|Win32.ActiveCfg = Debug|Any CPU
		{C04E3673-CBA3-4B15-8D92-98AC0C676ADB}.Debug|x64.ActiveCfg = Debug|Any CPU
		{C04E3673-CBA3-4B15-8D92-98AC0C676ADB}.Full|Any CPU.ActiveCfg = Release|Any CPU
		{C04E3673-CBA3-4B15-8D92-98AC0C676ADB}.Full|Any CPU.Build.0 = Release|Any CPU
		{C04E3673-CBA3-4B15-8D92-98AC0C676ADB}.Full|Mixed Platforms.ActiveCfg = Release|Any CPU
		{C04E3673-CBA3-4B15-8D92-98AC0C676ADB}.Full|Mixed Platforms.Build.0 = Release|Any CPU
		{C04E3673-CBA3-4B15-8D92-98AC0C676ADB}.Full|Win32.ActiveCfg = Release|Any CPU
		{C04E3673-CBA3-4B15-8D92-98AC0C676ADB}.Full|x64.ActiveCfg = Release|Any CPU
		{C04E3673-CBA3-4B15-8D92-98AC0C676ADB}.Release|Any CPU.ActiveCfg = Release|Any CPU
		{C04E3673-CBA3-4B15-8D92-98AC0C676ADB}.Release|Any CPU.Build.0 = Release|Any CPU
		{C04E3673-CBA3-4B15-8D92-98AC0C676ADB}.Release|Mixed Platforms.ActiveCfg = Release|Any CPU
		{C04E3673-CBA3-4B15-8D92-98AC0C676ADB}.Release|Mixed Platforms.Build.0 = Release|Any CPU
		{C04E3673-CBA3-4B15-8D92-98AC0C676ADB}.Release|Win32.ActiveCfg = Release|Any CPU
		{C04E3673-CBA3-4B15-8D92-98AC0C676ADB}.Release|x64.ActiveCfg = Release|Any CPU
		{7B70729C-8E3E-4D2C-8927-7ADB07D218F8}.Debug|Any CPU.ActiveCfg = Debug|Any CPU
		{7B70729C-8E3E-4D2C-8927-7ADB07D218F8}.Debug|Any CPU.Build.0 = Debug|Any CPU
		{7B70729C-8E3E-4D2C-8927-7ADB07D218F8}.Debug|Mixed Platforms.ActiveCfg = Debug|Any CPU
		{7B70729C-8E3E-4D2C-8927-7ADB07D218F8}.Debug|Mixed Platforms.Build.0 = Debug|Any CPU
		{7B70729C-8E3E-4D2C-8927-7ADB07D218F8}.Debug|Win32.ActiveCfg = Debug|Any CPU
		{7B70729C-8E3E-4D2C-8927-7ADB07D218F8}.Debug|x64.ActiveCfg = Debug|Any CPU
		{7B70729C-8E3E-4D2C-8927-7ADB07D218F8}.Full|Any CPU.ActiveCfg = Release|Any CPU
		{7B70729C-8E3E-4D2C-8927-7ADB07D218F8}.Full|Any CPU.Build.0 = Release|Any CPU
		{7B70729C-8E3E-4D2C-8927-7ADB07D218F8}.Full|Mixed Platforms.ActiveCfg = Release|Any CPU
		{7B70729C-8E3E-4D2C-8927-7ADB07D218F8}.Full|Mixed Platforms.Build.0 = Release|Any CPU
		{7B70729C-8E3E-4D2C-8927-7ADB07D218F8}.Full|Win32.ActiveCfg = Release|Any CPU
		{7B70729C-8E3E-4D2C-8927-7ADB07D218F8}.Full|x64.ActiveCfg = Release|Any CPU
		{7B70729C-8E3E-4D2C-8927-7ADB07D218F8}.Release|Any CPU.ActiveCfg = Release|Any CPU
		{7B70729C-8E3E-4D2C-8927-7ADB07D218F8}.Release|Any CPU.Build.0 = Release|Any CPU
		{7B70729C-8E3E-4D2C-8927-7ADB07D218F8}.Release|Mixed Platforms.ActiveCfg = Release|Any CPU
		{7B70729C-8E3E-4D2C-8927-7ADB07D218F8}.Release|Mixed Platforms.Build.0 = Release|Any CPU
		{7B70729C-8E3E-4D2C-8927-7ADB07D218F8}.Release|Win32.ActiveCfg = Release|Any CPU
		{7B70729C-8E3E-4D2C-8927-7ADB07D218F8}.Release|x64.ActiveCfg = Release|Any CPU
		{EB19183E-5224-4801-B073-A15A9AE32C13}.Debug|Any CPU.ActiveCfg = Debug|Any CPU
		{EB19183E-5224-4801-B073-A15A9AE32C13}.Debug|Any CPU.Build.0 = Debug|Any CPU
		{EB19183E-5224-4801-B073-A15A9AE32C13}.Debug|Mixed Platforms.ActiveCfg = Debug|Any CPU
		{EB19183E-5224-4801-B073-A15A9AE32C13}.Debug|Mixed Platforms.Build.0 = Debug|Any CPU
		{EB19183E-5224-4801-B073-A15A9AE32C13}.Debug|Win32.ActiveCfg = Debug|Any CPU
		{EB19183E-5224-4801-B073-A15A9AE32C13}.Debug|x64.ActiveCfg = Debug|Any CPU
		{EB19183E-5224-4801-B073-A15A9AE32C13}.Full|Any CPU.ActiveCfg = Release|Any CPU
		{EB19183E-5224-4801-B073-A15A9AE32C13}.Full|Any CPU.Build.0 = Release|Any CPU
		{EB19183E-5224-4801-B073-A15A9AE32C13}.Full|Mixed Platforms.ActiveCfg = Release|Any CPU
		{EB19183E-5224-4801-B073-A15A9AE32C13}.Full|Mixed Platforms.Build.0 = Release|Any CPU
		{EB19183E-5224-4801-B073-A15A9AE32C13}.Full|Win32.ActiveCfg = Release|Any CPU
		{EB19183E-5224-4801-B073-A15A9AE32C13}.Full|x64.ActiveCfg = Release|Any CPU
		{EB19183E-5224-4801-B073-A15A9AE32C13}.Release|Any CPU.ActiveCfg = Release|Any CPU
		{EB19183E-5224-4801-B073-A15A9AE32C13}.Release|Any CPU.Build.0 = Release|Any CPU
		{EB19183E-5224-4801-B073-A15A9AE32C13}.Release|Mixed Platforms.ActiveCfg = Release|Any CPU
		{EB19183E-5224-4801-B073-A15A9AE32C13}.Release|Mixed Platforms.Build.0 = Release|Any CPU
		{EB19183E-5224-4801-B073-A15A9AE32C13}.Release|Win32.ActiveCfg = Release|Any CPU
		{EB19183E-5224-4801-B073-A15A9AE32C13}.Release|x64.ActiveCfg = Release|Any CPU
		{D79661E1-A005-4692-9531-A93ED17B16C5}.Debug|Any CPU.ActiveCfg = Debug|Win32
		{D79661E1-A005-4692-9531-A93ED17B16C5}.Debug|Any CPU.Build.0 = Debug|Win32
		{D79661E1-A005-4692-9531-A93ED17B16C5}.Debug|Mixed Platforms.ActiveCfg = Debug|Win32
		{D79661E1-A005-4692-9531-A93ED17B16C5}.Debug|Mixed Platforms.Build.0 = Debug|Win32
		{D79661E1-A005-4692-9531-A93ED17B16C5}.Debug|Win32.ActiveCfg = Debug|Win32
		{D79661E1-A005-4692-9531-A93ED17B16C5}.Debug|Win32.Build.0 = Debug|Win32
		{D79661E1-A005-4692-9531-A93ED17B16C5}.Debug|x64.ActiveCfg = Debug|Win32
		{D79661E1-A005-4692-9531-A93ED17B16C5}.Full|Any CPU.ActiveCfg = Release|Win32
		{D79661E1-A005-4692-9531-A93ED17B16C5}.Full|Mixed Platforms.ActiveCfg = Release|Win32
		{D79661E1-A005-4692-9531-A93ED17B16C5}.Full|Mixed Platforms.Build.0 = Release|Win32
		{D79661E1-A005-4692-9531-A93ED17B16C5}.Full|Win32.ActiveCfg = Release|Win32
		{D79661E1-A005-4692-9531-A93ED17B16C5}.Full|Win32.Build.0 = Release|Win32
		{D79661E1-A005-4692-9531-A93ED17B16C5}.Full|x64.ActiveCfg = Release|Win32
		{D79661E1-A005-4692-9531-A93ED17B16C5}.Release|Any CPU.ActiveCfg = Release|Win32
		{D79661E1-A005-4692-9531-A93ED17B16C5}.Release|Any CPU.Build.0 = Release|Win32
		{D79661E1-A005-4692-9531-A93ED17B16C5}.Release|Mixed Platforms.ActiveCfg = Release|Win32
		{D79661E1-A005-4692-9531-A93ED17B16C5}.Release|Mixed Platforms.Build.0 = Release|Win32
		{D79661E1-A005-4692-9531-A93ED17B16C5}.Release|Win32.ActiveCfg = Release|Win32
		{D79661E1-A005-4692-9531-A93ED17B16C5}.Release|Win32.Build.0 = Release|Win32
		{D79661E1-A005-4692-9531-A93ED17B16C5}.Release|x64.ActiveCfg = Release|Win32
	EndGlobalSection
	GlobalSection(SolutionProperties) = preSolution
		HideSolutionNode = FALSE
	EndGlobalSection
EndGlobal
