
Microsoft Visual Studio Solution File, Format Version 12.00
# Visual Studio Version 16
VisualStudioVersion = 16.0.29324.140
MinimumVisualStudioVersion = 10.0.40219.1
Project("{2150E333-8FDC-42A3-9474-1A3956D46DE8}") = "Solution Items", "Solution Items", "{18B3E50E-454E-49DB-A92F-E1D7DAD2AF7D}"
	ProjectSection(SolutionItems) = preProject
		CodeCoverage.testrunconfig = CodeCoverage.testrunconfig
		esent.vsmdi = esent.vsmdi
		Normal.testrunconfig = Normal.testrunconfig
	EndProjectSection
EndProject
Project("{9A19103F-16F7-4668-BE54-9A1E7A4F7556}") = "EsentInterop", "EsentInterop.csproj", "{E929E163-52A0-4AAC-917B-6D7FAF70C45E}"
EndProject
Project("{9A19103F-16F7-4668-BE54-9A1E7A4F7556}") = "DbUtil", "..\EsentInteropSamples\DbUtil\DbUtil.csproj", "{E0B163B0-5AC6-4304-B932-BFC1F6A2A4EB}"
EndProject
Project("{9A19103F-16F7-4668-BE54-9A1E7A4F7556}") = "isam", "..\isam\isam.csproj", "{21CC632C-B09A-4DB7-BD6E-7F7D2716F58F}"
EndProject
Project("{9A19103F-16F7-4668-BE54-9A1E7A4F7556}") = "StockSample", "..\EsentInteropSamples\StockSample\StockSample.csproj", "{B0E6D3AB-26F8-4A77-A7E1-D8024B8FFFCF}"
EndProject
Project("{9A19103F-16F7-4668-BE54-9A1E7A4F7556}") = "EsentCollections", "..\EsentCollections\EsentCollections.csproj", "{CF2D4EE4-0D11-404D-B800-C4DCFEC42588}"
EndProject
Project("{9A19103F-16F7-4668-BE54-9A1E7A4F7556}") = "HelloWorld", "..\EsentCollectionsSamples\HelloWorld\HelloWorld.csproj", "{8341DE8C-5BC7-461F-B42D-AA2B72586A5C}"
EndProject
Project("{9A19103F-16F7-4668-BE54-9A1E7A4F7556}") = "RssDictionarySample", "..\EsentCollectionsSamples\RssDictionarySample\RssDictionarySample.csproj", "{134FBC80-2E23-451B-A6B3-72B0AA2234F9}"
EndProject
Project("{9A19103F-16F7-4668-BE54-9A1E7A4F7556}") = "EsentInteropTests", "..\EsentInteropTests\EsentInteropTests.csproj", "{85B2B7BB-BF95-42DF-8CBF-348AEF63BD1F}"
EndProject
Project("{9A19103F-16F7-4668-BE54-9A1E7A4F7556}") = "EsentCollectionsTests", "..\EsentCollectionsTests\EsentCollectionsTests.csproj", "{D3A1C1C8-6119-4827-AC24-1FF49FACFD4D}"
EndProject
Project("{9A19103F-16F7-4668-BE54-9A1E7A4F7556}") = "IsamUnitTests", "..\isamunittests\IsamUnitTests.csproj", "{6AC9C0BE-6BCE-493F-BD80-6F2247CB669D}"
EndProject
Project("{9A19103F-16F7-4668-BE54-9A1E7A4F7556}") = "DbUtilTests", "..\EsentInteropSamples\DbUtilTests\DbUtilTests.csproj", "{C9B82A4F-8306-41A9-91DA-1BA5080F1DB0}"
EndProject
Project("{9A19103F-16F7-4668-BE54-9A1E7A4F7556}") = "EsentSample", "..\EsentInteropSamples\EsentSample\EsentSample.csproj", "{44D46916-891F-435F-B914-AE8AC80613FD}"
EndProject
Project("{9A19103F-16F7-4668-BE54-9A1E7A4F7556}") = "BasicTest", "..\EsentInteropSamples\BasicTest\BasicTest.csproj", "{08819B49-02B8-4F93-A143-F9B0461CEA64}"
EndProject
Project("{FAE04EC0-301F-11D3-BF4B-00C04F79EFBC}") = "UWPSample", "..\UWPSample\UWPSample.csproj", "{B1427E8D-9175-42BE-8B90-A5A9CB4AAD51}"
EndProject
Global
	GlobalSection(SolutionConfigurationPlatforms) = preSolution
		Debug|Any CPU = Debug|Any CPU
		Debug|ARM = Debug|ARM
		Debug|ARM64 = Debug|ARM64
		Debug|x64 = Debug|x64
		Debug|x86 = Debug|x86
		Release|Any CPU = Release|Any CPU
		Release|ARM = Release|ARM
		Release|ARM64 = Release|ARM64
		Release|x64 = Release|x64
		Release|x86 = Release|x86
	EndGlobalSection
	GlobalSection(ProjectConfigurationPlatforms) = postSolution
		{E929E163-52A0-4AAC-917B-6D7FAF70C45E}.Debug|Any CPU.ActiveCfg = Debug|Any CPU
		{E929E163-52A0-4AAC-917B-6D7FAF70C45E}.Debug|Any CPU.Build.0 = Debug|Any CPU
		{E929E163-52A0-4AAC-917B-6D7FAF70C45E}.Debug|ARM.ActiveCfg = Debug|Any CPU
		{E929E163-52A0-4AAC-917B-6D7FAF70C45E}.Debug|ARM.Build.0 = Debug|Any CPU
		{E929E163-52A0-4AAC-917B-6D7FAF70C45E}.Debug|ARM64.ActiveCfg = Debug|Any CPU
		{E929E163-52A0-4AAC-917B-6D7FAF70C45E}.Debug|ARM64.Build.0 = Debug|Any CPU
		{E929E163-52A0-4AAC-917B-6D7FAF70C45E}.Debug|x64.ActiveCfg = Debug|Any CPU
		{E929E163-52A0-4AAC-917B-6D7FAF70C45E}.Debug|x64.Build.0 = Debug|Any CPU
		{E929E163-52A0-4AAC-917B-6D7FAF70C45E}.Debug|x86.ActiveCfg = Debug|Any CPU
		{E929E163-52A0-4AAC-917B-6D7FAF70C45E}.Debug|x86.Build.0 = Debug|Any CPU
		{E929E163-52A0-4AAC-917B-6D7FAF70C45E}.Release|Any CPU.ActiveCfg = Release|Any CPU
		{E929E163-52A0-4AAC-917B-6D7FAF70C45E}.Release|Any CPU.Build.0 = Release|Any CPU
		{E929E163-52A0-4AAC-917B-6D7FAF70C45E}.Release|ARM.ActiveCfg = Release|Any CPU
		{E929E163-52A0-4AAC-917B-6D7FAF70C45E}.Release|ARM.Build.0 = Release|Any CPU
		{E929E163-52A0-4AAC-917B-6D7FAF70C45E}.Release|ARM64.ActiveCfg = Release|Any CPU
		{E929E163-52A0-4AAC-917B-6D7FAF70C45E}.Release|ARM64.Build.0 = Release|Any CPU
		{E929E163-52A0-4AAC-917B-6D7FAF70C45E}.Release|x64.ActiveCfg = Release|Any CPU
		{E929E163-52A0-4AAC-917B-6D7FAF70C45E}.Release|x64.Build.0 = Release|Any CPU
		{E929E163-52A0-4AAC-917B-6D7FAF70C45E}.Release|x86.ActiveCfg = Release|Any CPU
		{E929E163-52A0-4AAC-917B-6D7FAF70C45E}.Release|x86.Build.0 = Release|Any CPU
		{E0B163B0-5AC6-4304-B932-BFC1F6A2A4EB}.Debug|Any CPU.ActiveCfg = Debug|Any CPU
		{E0B163B0-5AC6-4304-B932-BFC1F6A2A4EB}.Debug|Any CPU.Build.0 = Debug|Any CPU
		{E0B163B0-5AC6-4304-B932-BFC1F6A2A4EB}.Debug|ARM.ActiveCfg = Debug|Any CPU
		{E0B163B0-5AC6-4304-B932-BFC1F6A2A4EB}.Debug|ARM.Build.0 = Debug|Any CPU
		{E0B163B0-5AC6-4304-B932-BFC1F6A2A4EB}.Debug|ARM64.ActiveCfg = Debug|Any CPU
		{E0B163B0-5AC6-4304-B932-BFC1F6A2A4EB}.Debug|ARM64.Build.0 = Debug|Any CPU
		{E0B163B0-5AC6-4304-B932-BFC1F6A2A4EB}.Debug|x64.ActiveCfg = Debug|Any CPU
		{E0B163B0-5AC6-4304-B932-BFC1F6A2A4EB}.Debug|x64.Build.0 = Debug|Any CPU
		{E0B163B0-5AC6-4304-B932-BFC1F6A2A4EB}.Debug|x86.ActiveCfg = Debug|Any CPU
		{E0B163B0-5AC6-4304-B932-BFC1F6A2A4EB}.Debug|x86.Build.0 = Debug|Any CPU
		{E0B163B0-5AC6-4304-B932-BFC1F6A2A4EB}.Release|Any CPU.ActiveCfg = Release|Any CPU
		{E0B163B0-5AC6-4304-B932-BFC1F6A2A4EB}.Release|Any CPU.Build.0 = Release|Any CPU
		{E0B163B0-5AC6-4304-B932-BFC1F6A2A4EB}.Release|ARM.ActiveCfg = Release|Any CPU
		{E0B163B0-5AC6-4304-B932-BFC1F6A2A4EB}.Release|ARM.Build.0 = Release|Any CPU
		{E0B163B0-5AC6-4304-B932-BFC1F6A2A4EB}.Release|ARM64.ActiveCfg = Release|Any CPU
		{E0B163B0-5AC6-4304-B932-BFC1F6A2A4EB}.Release|ARM64.Build.0 = Release|Any CPU
		{E0B163B0-5AC6-4304-B932-BFC1F6A2A4EB}.Release|x64.ActiveCfg = Release|Any CPU
		{E0B163B0-5AC6-4304-B932-BFC1F6A2A4EB}.Release|x64.Build.0 = Release|Any CPU
		{E0B163B0-5AC6-4304-B932-BFC1F6A2A4EB}.Release|x86.ActiveCfg = Release|Any CPU
		{E0B163B0-5AC6-4304-B932-BFC1F6A2A4EB}.Release|x86.Build.0 = Release|Any CPU
		{21CC632C-B09A-4DB7-BD6E-7F7D2716F58F}.Debug|Any CPU.ActiveCfg = Debug|Any CPU
		{21CC632C-B09A-4DB7-BD6E-7F7D2716F58F}.Debug|Any CPU.Build.0 = Debug|Any CPU
		{21CC632C-B09A-4DB7-BD6E-7F7D2716F58F}.Debug|ARM.ActiveCfg = Debug|Any CPU
		{21CC632C-B09A-4DB7-BD6E-7F7D2716F58F}.Debug|ARM.Build.0 = Debug|Any CPU
		{21CC632C-B09A-4DB7-BD6E-7F7D2716F58F}.Debug|ARM64.ActiveCfg = Debug|Any CPU
		{21CC632C-B09A-4DB7-BD6E-7F7D2716F58F}.Debug|ARM64.Build.0 = Debug|Any CPU
		{21CC632C-B09A-4DB7-BD6E-7F7D2716F58F}.Debug|x64.ActiveCfg = Debug|Any CPU
		{21CC632C-B09A-4DB7-BD6E-7F7D2716F58F}.Debug|x64.Build.0 = Debug|Any CPU
		{21CC632C-B09A-4DB7-BD6E-7F7D2716F58F}.Debug|x86.ActiveCfg = Debug|Any CPU
		{21CC632C-B09A-4DB7-BD6E-7F7D2716F58F}.Debug|x86.Build.0 = Debug|Any CPU
		{21CC632C-B09A-4DB7-BD6E-7F7D2716F58F}.Release|Any CPU.ActiveCfg = Release|Any CPU
		{21CC632C-B09A-4DB7-BD6E-7F7D2716F58F}.Release|Any CPU.Build.0 = Release|Any CPU
		{21CC632C-B09A-4DB7-BD6E-7F7D2716F58F}.Release|ARM.ActiveCfg = Release|Any CPU
		{21CC632C-B09A-4DB7-BD6E-7F7D2716F58F}.Release|ARM.Build.0 = Release|Any CPU
		{21CC632C-B09A-4DB7-BD6E-7F7D2716F58F}.Release|ARM64.ActiveCfg = Release|Any CPU
		{21CC632C-B09A-4DB7-BD6E-7F7D2716F58F}.Release|ARM64.Build.0 = Release|Any CPU
		{21CC632C-B09A-4DB7-BD6E-7F7D2716F58F}.Release|x64.ActiveCfg = Release|Any CPU
		{21CC632C-B09A-4DB7-BD6E-7F7D2716F58F}.Release|x64.Build.0 = Release|Any CPU
		{21CC632C-B09A-4DB7-BD6E-7F7D2716F58F}.Release|x86.ActiveCfg = Release|Any CPU
		{21CC632C-B09A-4DB7-BD6E-7F7D2716F58F}.Release|x86.Build.0 = Release|Any CPU
		{B0E6D3AB-26F8-4A77-A7E1-D8024B8FFFCF}.Debug|Any CPU.ActiveCfg = Debug|Any CPU
		{B0E6D3AB-26F8-4A77-A7E1-D8024B8FFFCF}.Debug|Any CPU.Build.0 = Debug|Any CPU
		{B0E6D3AB-26F8-4A77-A7E1-D8024B8FFFCF}.Debug|ARM.ActiveCfg = Debug|Any CPU
		{B0E6D3AB-26F8-4A77-A7E1-D8024B8FFFCF}.Debug|ARM.Build.0 = Debug|Any CPU
		{B0E6D3AB-26F8-4A77-A7E1-D8024B8FFFCF}.Debug|ARM64.ActiveCfg = Debug|Any CPU
		{B0E6D3AB-26F8-4A77-A7E1-D8024B8FFFCF}.Debug|ARM64.Build.0 = Debug|Any CPU
		{B0E6D3AB-26F8-4A77-A7E1-D8024B8FFFCF}.Debug|x64.ActiveCfg = Debug|Any CPU
		{B0E6D3AB-26F8-4A77-A7E1-D8024B8FFFCF}.Debug|x64.Build.0 = Debug|Any CPU
		{B0E6D3AB-26F8-4A77-A7E1-D8024B8FFFCF}.Debug|x86.ActiveCfg = Debug|Any CPU
		{B0E6D3AB-26F8-4A77-A7E1-D8024B8FFFCF}.Debug|x86.Build.0 = Debug|Any CPU
		{B0E6D3AB-26F8-4A77-A7E1-D8024B8FFFCF}.Release|Any CPU.ActiveCfg = Release|Any CPU
		{B0E6D3AB-26F8-4A77-A7E1-D8024B8FFFCF}.Release|Any CPU.Build.0 = Release|Any CPU
		{B0E6D3AB-26F8-4A77-A7E1-D8024B8FFFCF}.Release|ARM.ActiveCfg = Release|Any CPU
		{B0E6D3AB-26F8-4A77-A7E1-D8024B8FFFCF}.Release|ARM.Build.0 = Release|Any CPU
		{B0E6D3AB-26F8-4A77-A7E1-D8024B8FFFCF}.Release|ARM64.ActiveCfg = Release|Any CPU
		{B0E6D3AB-26F8-4A77-A7E1-D8024B8FFFCF}.Release|ARM64.Build.0 = Release|Any CPU
		{B0E6D3AB-26F8-4A77-A7E1-D8024B8FFFCF}.Release|x64.ActiveCfg = Release|Any CPU
		{B0E6D3AB-26F8-4A77-A7E1-D8024B8FFFCF}.Release|x64.Build.0 = Release|Any CPU
		{B0E6D3AB-26F8-4A77-A7E1-D8024B8FFFCF}.Release|x86.ActiveCfg = Release|Any CPU
		{B0E6D3AB-26F8-4A77-A7E1-D8024B8FFFCF}.Release|x86.Build.0 = Release|Any CPU
		{CF2D4EE4-0D11-404D-B800-C4DCFEC42588}.Debug|Any CPU.ActiveCfg = Debug|Any CPU
		{CF2D4EE4-0D11-404D-B800-C4DCFEC42588}.Debug|Any CPU.Build.0 = Debug|Any CPU
		{CF2D4EE4-0D11-404D-B800-C4DCFEC42588}.Debug|ARM.ActiveCfg = Debug|Any CPU
		{CF2D4EE4-0D11-404D-B800-C4DCFEC42588}.Debug|ARM.Build.0 = Debug|Any CPU
		{CF2D4EE4-0D11-404D-B800-C4DCFEC42588}.Debug|ARM64.ActiveCfg = Debug|Any CPU
		{CF2D4EE4-0D11-404D-B800-C4DCFEC42588}.Debug|ARM64.Build.0 = Debug|Any CPU
		{CF2D4EE4-0D11-404D-B800-C4DCFEC42588}.Debug|x64.ActiveCfg = Debug|Any CPU
		{CF2D4EE4-0D11-404D-B800-C4DCFEC42588}.Debug|x64.Build.0 = Debug|Any CPU
		{CF2D4EE4-0D11-404D-B800-C4DCFEC42588}.Debug|x86.ActiveCfg = Debug|Any CPU
		{CF2D4EE4-0D11-404D-B800-C4DCFEC42588}.Debug|x86.Build.0 = Debug|Any CPU
		{CF2D4EE4-0D11-404D-B800-C4DCFEC42588}.Release|Any CPU.ActiveCfg = Release|Any CPU
		{CF2D4EE4-0D11-404D-B800-C4DCFEC42588}.Release|Any CPU.Build.0 = Release|Any CPU
		{CF2D4EE4-0D11-404D-B800-C4DCFEC42588}.Release|ARM.ActiveCfg = Release|Any CPU
		{CF2D4EE4-0D11-404D-B800-C4DCFEC42588}.Release|ARM.Build.0 = Release|Any CPU
		{CF2D4EE4-0D11-404D-B800-C4DCFEC42588}.Release|ARM64.ActiveCfg = Release|Any CPU
		{CF2D4EE4-0D11-404D-B800-C4DCFEC42588}.Release|ARM64.Build.0 = Release|Any CPU
		{CF2D4EE4-0D11-404D-B800-C4DCFEC42588}.Release|x64.ActiveCfg = Release|Any CPU
		{CF2D4EE4-0D11-404D-B800-C4DCFEC42588}.Release|x64.Build.0 = Release|Any CPU
		{CF2D4EE4-0D11-404D-B800-C4DCFEC42588}.Release|x86.ActiveCfg = Release|Any CPU
		{CF2D4EE4-0D11-404D-B800-C4DCFEC42588}.Release|x86.Build.0 = Release|Any CPU
		{8341DE8C-5BC7-461F-B42D-AA2B72586A5C}.Debug|Any CPU.ActiveCfg = Debug|Any CPU
		{8341DE8C-5BC7-461F-B42D-AA2B72586A5C}.Debug|Any CPU.Build.0 = Debug|Any CPU
		{8341DE8C-5BC7-461F-B42D-AA2B72586A5C}.Debug|ARM.ActiveCfg = Debug|Any CPU
		{8341DE8C-5BC7-461F-B42D-AA2B72586A5C}.Debug|ARM.Build.0 = Debug|Any CPU
		{8341DE8C-5BC7-461F-B42D-AA2B72586A5C}.Debug|ARM64.ActiveCfg = Debug|Any CPU
		{8341DE8C-5BC7-461F-B42D-AA2B72586A5C}.Debug|ARM64.Build.0 = Debug|Any CPU
		{8341DE8C-5BC7-461F-B42D-AA2B72586A5C}.Debug|x64.ActiveCfg = Debug|Any CPU
		{8341DE8C-5BC7-461F-B42D-AA2B72586A5C}.Debug|x64.Build.0 = Debug|Any CPU
		{8341DE8C-5BC7-461F-B42D-AA2B72586A5C}.Debug|x86.ActiveCfg = Debug|Any CPU
		{8341DE8C-5BC7-461F-B42D-AA2B72586A5C}.Debug|x86.Build.0 = Debug|Any CPU
		{8341DE8C-5BC7-461F-B42D-AA2B72586A5C}.Release|Any CPU.ActiveCfg = Release|Any CPU
		{8341DE8C-5BC7-461F-B42D-AA2B72586A5C}.Release|Any CPU.Build.0 = Release|Any CPU
		{8341DE8C-5BC7-461F-B42D-AA2B72586A5C}.Release|ARM.ActiveCfg = Release|Any CPU
		{8341DE8C-5BC7-461F-B42D-AA2B72586A5C}.Release|ARM.Build.0 = Release|Any CPU
		{8341DE8C-5BC7-461F-B42D-AA2B72586A5C}.Release|ARM64.ActiveCfg = Release|Any CPU
		{8341DE8C-5BC7-461F-B42D-AA2B72586A5C}.Release|ARM64.Build.0 = Release|Any CPU
		{8341DE8C-5BC7-461F-B42D-AA2B72586A5C}.Release|x64.ActiveCfg = Release|Any CPU
		{8341DE8C-5BC7-461F-B42D-AA2B72586A5C}.Release|x64.Build.0 = Release|Any CPU
		{8341DE8C-5BC7-461F-B42D-AA2B72586A5C}.Release|x86.ActiveCfg = Release|Any CPU
		{8341DE8C-5BC7-461F-B42D-AA2B72586A5C}.Release|x86.Build.0 = Release|Any CPU
		{134FBC80-2E23-451B-A6B3-72B0AA2234F9}.Debug|Any CPU.ActiveCfg = Debug|Any CPU
		{134FBC80-2E23-451B-A6B3-72B0AA2234F9}.Debug|Any CPU.Build.0 = Debug|Any CPU
		{134FBC80-2E23-451B-A6B3-72B0AA2234F9}.Debug|ARM.ActiveCfg = Debug|Any CPU
		{134FBC80-2E23-451B-A6B3-72B0AA2234F9}.Debug|ARM.Build.0 = Debug|Any CPU
		{134FBC80-2E23-451B-A6B3-72B0AA2234F9}.Debug|ARM64.ActiveCfg = Debug|Any CPU
		{134FBC80-2E23-451B-A6B3-72B0AA2234F9}.Debug|ARM64.Build.0 = Debug|Any CPU
		{134FBC80-2E23-451B-A6B3-72B0AA2234F9}.Debug|x64.ActiveCfg = Debug|Any CPU
		{134FBC80-2E23-451B-A6B3-72B0AA2234F9}.Debug|x64.Build.0 = Debug|Any CPU
		{134FBC80-2E23-451B-A6B3-72B0AA2234F9}.Debug|x86.ActiveCfg = Debug|Any CPU
		{134FBC80-2E23-451B-A6B3-72B0AA2234F9}.Debug|x86.Build.0 = Debug|Any CPU
		{134FBC80-2E23-451B-A6B3-72B0AA2234F9}.Release|Any CPU.ActiveCfg = Release|Any CPU
		{134FBC80-2E23-451B-A6B3-72B0AA2234F9}.Release|Any CPU.Build.0 = Release|Any CPU
		{134FBC80-2E23-451B-A6B3-72B0AA2234F9}.Release|ARM.ActiveCfg = Release|Any CPU
		{134FBC80-2E23-451B-A6B3-72B0AA2234F9}.Release|ARM.Build.0 = Release|Any CPU
		{134FBC80-2E23-451B-A6B3-72B0AA2234F9}.Release|ARM64.ActiveCfg = Release|Any CPU
		{134FBC80-2E23-451B-A6B3-72B0AA2234F9}.Release|ARM64.Build.0 = Release|Any CPU
		{134FBC80-2E23-451B-A6B3-72B0AA2234F9}.Release|x64.ActiveCfg = Release|Any CPU
		{134FBC80-2E23-451B-A6B3-72B0AA2234F9}.Release|x64.Build.0 = Release|Any CPU
		{134FBC80-2E23-451B-A6B3-72B0AA2234F9}.Release|x86.ActiveCfg = Release|Any CPU
		{134FBC80-2E23-451B-A6B3-72B0AA2234F9}.Release|x86.Build.0 = Release|Any CPU
		{85B2B7BB-BF95-42DF-8CBF-348AEF63BD1F}.Debug|Any CPU.ActiveCfg = Debug|Any CPU
		{85B2B7BB-BF95-42DF-8CBF-348AEF63BD1F}.Debug|Any CPU.Build.0 = Debug|Any CPU
		{85B2B7BB-BF95-42DF-8CBF-348AEF63BD1F}.Debug|ARM.ActiveCfg = Debug|Any CPU
		{85B2B7BB-BF95-42DF-8CBF-348AEF63BD1F}.Debug|ARM.Build.0 = Debug|Any CPU
		{85B2B7BB-BF95-42DF-8CBF-348AEF63BD1F}.Debug|ARM64.ActiveCfg = Debug|Any CPU
		{85B2B7BB-BF95-42DF-8CBF-348AEF63BD1F}.Debug|ARM64.Build.0 = Debug|Any CPU
		{85B2B7BB-BF95-42DF-8CBF-348AEF63BD1F}.Debug|x64.ActiveCfg = Debug|Any CPU
		{85B2B7BB-BF95-42DF-8CBF-348AEF63BD1F}.Debug|x64.Build.0 = Debug|Any CPU
		{85B2B7BB-BF95-42DF-8CBF-348AEF63BD1F}.Debug|x86.ActiveCfg = Debug|Any CPU
		{85B2B7BB-BF95-42DF-8CBF-348AEF63BD1F}.Debug|x86.Build.0 = Debug|Any CPU
		{85B2B7BB-BF95-42DF-8CBF-348AEF63BD1F}.Release|Any CPU.ActiveCfg = Release|Any CPU
		{85B2B7BB-BF95-42DF-8CBF-348AEF63BD1F}.Release|Any CPU.Build.0 = Release|Any CPU
		{85B2B7BB-BF95-42DF-8CBF-348AEF63BD1F}.Release|ARM.ActiveCfg = Release|Any CPU
		{85B2B7BB-BF95-42DF-8CBF-348AEF63BD1F}.Release|ARM.Build.0 = Release|Any CPU
		{85B2B7BB-BF95-42DF-8CBF-348AEF63BD1F}.Release|ARM64.ActiveCfg = Release|Any CPU
		{85B2B7BB-BF95-42DF-8CBF-348AEF63BD1F}.Release|ARM64.Build.0 = Release|Any CPU
		{85B2B7BB-BF95-42DF-8CBF-348AEF63BD1F}.Release|x64.ActiveCfg = Release|Any CPU
		{85B2B7BB-BF95-42DF-8CBF-348AEF63BD1F}.Release|x64.Build.0 = Release|Any CPU
		{85B2B7BB-BF95-42DF-8CBF-348AEF63BD1F}.Release|x86.ActiveCfg = Release|Any CPU
		{85B2B7BB-BF95-42DF-8CBF-348AEF63BD1F}.Release|x86.Build.0 = Release|Any CPU
		{D3A1C1C8-6119-4827-AC24-1FF49FACFD4D}.Debug|Any CPU.ActiveCfg = Debug|Any CPU
		{D3A1C1C8-6119-4827-AC24-1FF49FACFD4D}.Debug|Any CPU.Build.0 = Debug|Any CPU
		{D3A1C1C8-6119-4827-AC24-1FF49FACFD4D}.Debug|ARM.ActiveCfg = Debug|Any CPU
		{D3A1C1C8-6119-4827-AC24-1FF49FACFD4D}.Debug|ARM.Build.0 = Debug|Any CPU
		{D3A1C1C8-6119-4827-AC24-1FF49FACFD4D}.Debug|ARM64.ActiveCfg = Debug|Any CPU
		{D3A1C1C8-6119-4827-AC24-1FF49FACFD4D}.Debug|ARM64.Build.0 = Debug|Any CPU
		{D3A1C1C8-6119-4827-AC24-1FF49FACFD4D}.Debug|x64.ActiveCfg = Debug|Any CPU
		{D3A1C1C8-6119-4827-AC24-1FF49FACFD4D}.Debug|x64.Build.0 = Debug|Any CPU
		{D3A1C1C8-6119-4827-AC24-1FF49FACFD4D}.Debug|x86.ActiveCfg = Debug|Any CPU
		{D3A1C1C8-6119-4827-AC24-1FF49FACFD4D}.Debug|x86.Build.0 = Debug|Any CPU
		{D3A1C1C8-6119-4827-AC24-1FF49FACFD4D}.Release|Any CPU.ActiveCfg = Release|Any CPU
		{D3A1C1C8-6119-4827-AC24-1FF49FACFD4D}.Release|Any CPU.Build.0 = Release|Any CPU
		{D3A1C1C8-6119-4827-AC24-1FF49FACFD4D}.Release|ARM.ActiveCfg = Release|Any CPU
		{D3A1C1C8-6119-4827-AC24-1FF49FACFD4D}.Release|ARM.Build.0 = Release|Any CPU
		{D3A1C1C8-6119-4827-AC24-1FF49FACFD4D}.Release|ARM64.ActiveCfg = Release|Any CPU
		{D3A1C1C8-6119-4827-AC24-1FF49FACFD4D}.Release|ARM64.Build.0 = Release|Any CPU
		{D3A1C1C8-6119-4827-AC24-1FF49FACFD4D}.Release|x64.ActiveCfg = Release|Any CPU
		{D3A1C1C8-6119-4827-AC24-1FF49FACFD4D}.Release|x64.Build.0 = Release|Any CPU
		{D3A1C1C8-6119-4827-AC24-1FF49FACFD4D}.Release|x86.ActiveCfg = Release|Any CPU
		{D3A1C1C8-6119-4827-AC24-1FF49FACFD4D}.Release|x86.Build.0 = Release|Any CPU
		{6AC9C0BE-6BCE-493F-BD80-6F2247CB669D}.Debug|Any CPU.ActiveCfg = Debug|Any CPU
		{6AC9C0BE-6BCE-493F-BD80-6F2247CB669D}.Debug|Any CPU.Build.0 = Debug|Any CPU
		{6AC9C0BE-6BCE-493F-BD80-6F2247CB669D}.Debug|ARM.ActiveCfg = Debug|Any CPU
		{6AC9C0BE-6BCE-493F-BD80-6F2247CB669D}.Debug|ARM.Build.0 = Debug|Any CPU
		{6AC9C0BE-6BCE-493F-BD80-6F2247CB669D}.Debug|ARM64.ActiveCfg = Debug|Any CPU
		{6AC9C0BE-6BCE-493F-BD80-6F2247CB669D}.Debug|ARM64.Build.0 = Debug|Any CPU
		{6AC9C0BE-6BCE-493F-BD80-6F2247CB669D}.Debug|x64.ActiveCfg = Debug|Any CPU
		{6AC9C0BE-6BCE-493F-BD80-6F2247CB669D}.Debug|x64.Build.0 = Debug|Any CPU
		{6AC9C0BE-6BCE-493F-BD80-6F2247CB669D}.Debug|x86.ActiveCfg = Debug|Any CPU
		{6AC9C0BE-6BCE-493F-BD80-6F2247CB669D}.Debug|x86.Build.0 = Debug|Any CPU
		{6AC9C0BE-6BCE-493F-BD80-6F2247CB669D}.Release|Any CPU.ActiveCfg = Debug|Any CPU
		{6AC9C0BE-6BCE-493F-BD80-6F2247CB669D}.Release|Any CPU.Build.0 = Debug|Any CPU
		{6AC9C0BE-6BCE-493F-BD80-6F2247CB669D}.Release|ARM.ActiveCfg = Release|Any CPU
		{6AC9C0BE-6BCE-493F-BD80-6F2247CB669D}.Release|ARM.Build.0 = Release|Any CPU
		{6AC9C0BE-6BCE-493F-BD80-6F2247CB669D}.Release|ARM64.ActiveCfg = Release|Any CPU
		{6AC9C0BE-6BCE-493F-BD80-6F2247CB669D}.Release|ARM64.Build.0 = Release|Any CPU
		{6AC9C0BE-6BCE-493F-BD80-6F2247CB669D}.Release|x64.ActiveCfg = Release|Any CPU
		{6AC9C0BE-6BCE-493F-BD80-6F2247CB669D}.Release|x64.Build.0 = Release|Any CPU
		{6AC9C0BE-6BCE-493F-BD80-6F2247CB669D}.Release|x86.ActiveCfg = Release|Any CPU
		{6AC9C0BE-6BCE-493F-BD80-6F2247CB669D}.Release|x86.Build.0 = Release|Any CPU
		{C9B82A4F-8306-41A9-91DA-1BA5080F1DB0}.Debug|Any CPU.ActiveCfg = Debug|Any CPU
		{C9B82A4F-8306-41A9-91DA-1BA5080F1DB0}.Debug|Any CPU.Build.0 = Debug|Any CPU
		{C9B82A4F-8306-41A9-91DA-1BA5080F1DB0}.Debug|ARM.ActiveCfg = Debug|Any CPU
		{C9B82A4F-8306-41A9-91DA-1BA5080F1DB0}.Debug|ARM.Build.0 = Debug|Any CPU
		{C9B82A4F-8306-41A9-91DA-1BA5080F1DB0}.Debug|ARM64.ActiveCfg = Debug|Any CPU
		{C9B82A4F-8306-41A9-91DA-1BA5080F1DB0}.Debug|ARM64.Build.0 = Debug|Any CPU
		{C9B82A4F-8306-41A9-91DA-1BA5080F1DB0}.Debug|x64.ActiveCfg = Debug|Any CPU
		{C9B82A4F-8306-41A9-91DA-1BA5080F1DB0}.Debug|x64.Build.0 = Debug|Any CPU
		{C9B82A4F-8306-41A9-91DA-1BA5080F1DB0}.Debug|x86.ActiveCfg = Debug|Any CPU
		{C9B82A4F-8306-41A9-91DA-1BA5080F1DB0}.Debug|x86.Build.0 = Debug|Any CPU
		{C9B82A4F-8306-41A9-91DA-1BA5080F1DB0}.Release|Any CPU.ActiveCfg = Release|Any CPU
		{C9B82A4F-8306-41A9-91DA-1BA5080F1DB0}.Release|Any CPU.Build.0 = Release|Any CPU
		{C9B82A4F-8306-41A9-91DA-1BA5080F1DB0}.Release|ARM.ActiveCfg = Release|Any CPU
		{C9B82A4F-8306-41A9-91DA-1BA5080F1DB0}.Release|ARM.Build.0 = Release|Any CPU
		{C9B82A4F-8306-41A9-91DA-1BA5080F1DB0}.Release|ARM64.ActiveCfg = Release|Any CPU
		{C9B82A4F-8306-41A9-91DA-1BA5080F1DB0}.Release|ARM64.Build.0 = Release|Any CPU
		{C9B82A4F-8306-41A9-91DA-1BA5080F1DB0}.Release|x64.ActiveCfg = Release|Any CPU
		{C9B82A4F-8306-41A9-91DA-1BA5080F1DB0}.Release|x64.Build.0 = Release|Any CPU
		{C9B82A4F-8306-41A9-91DA-1BA5080F1DB0}.Release|x86.ActiveCfg = Release|Any CPU
		{C9B82A4F-8306-41A9-91DA-1BA5080F1DB0}.Release|x86.Build.0 = Release|Any CPU
		{44D46916-891F-435F-B914-AE8AC80613FD}.Debug|Any CPU.ActiveCfg = Debug|Any CPU
		{44D46916-891F-435F-B914-AE8AC80613FD}.Debug|Any CPU.Build.0 = Debug|Any CPU
		{44D46916-891F-435F-B914-AE8AC80613FD}.Debug|ARM.ActiveCfg = Debug|Any CPU
		{44D46916-891F-435F-B914-AE8AC80613FD}.Debug|ARM.Build.0 = Debug|Any CPU
		{44D46916-891F-435F-B914-AE8AC80613FD}.Debug|ARM64.ActiveCfg = Debug|Any CPU
		{44D46916-891F-435F-B914-AE8AC80613FD}.Debug|ARM64.Build.0 = Debug|Any CPU
		{44D46916-891F-435F-B914-AE8AC80613FD}.Debug|x64.ActiveCfg = Debug|Any CPU
		{44D46916-891F-435F-B914-AE8AC80613FD}.Debug|x64.Build.0 = Debug|Any CPU
		{44D46916-891F-435F-B914-AE8AC80613FD}.Debug|x86.ActiveCfg = Debug|Any CPU
		{44D46916-891F-435F-B914-AE8AC80613FD}.Debug|x86.Build.0 = Debug|Any CPU
		{44D46916-891F-435F-B914-AE8AC80613FD}.Release|Any CPU.ActiveCfg = Release|Any CPU
		{44D46916-891F-435F-B914-AE8AC80613FD}.Release|Any CPU.Build.0 = Release|Any CPU
		{44D46916-891F-435F-B914-AE8AC80613FD}.Release|ARM.ActiveCfg = Release|Any CPU
		{44D46916-891F-435F-B914-AE8AC80613FD}.Release|ARM.Build.0 = Release|Any CPU
		{44D46916-891F-435F-B914-AE8AC80613FD}.Release|ARM64.ActiveCfg = Release|Any CPU
		{44D46916-891F-435F-B914-AE8AC80613FD}.Release|ARM64.Build.0 = Release|Any CPU
		{44D46916-891F-435F-B914-AE8AC80613FD}.Release|x64.ActiveCfg = Release|Any CPU
		{44D46916-891F-435F-B914-AE8AC80613FD}.Release|x64.Build.0 = Release|Any CPU
		{44D46916-891F-435F-B914-AE8AC80613FD}.Release|x86.ActiveCfg = Release|Any CPU
		{44D46916-891F-435F-B914-AE8AC80613FD}.Release|x86.Build.0 = Release|Any CPU
		{08819B49-02B8-4F93-A143-F9B0461CEA64}.Debug|Any CPU.ActiveCfg = Debug|Any CPU
		{08819B49-02B8-4F93-A143-F9B0461CEA64}.Debug|Any CPU.Build.0 = Debug|Any CPU
		{08819B49-02B8-4F93-A143-F9B0461CEA64}.Debug|ARM.ActiveCfg = Debug|Any CPU
		{08819B49-02B8-4F93-A143-F9B0461CEA64}.Debug|ARM.Build.0 = Debug|Any CPU
		{08819B49-02B8-4F93-A143-F9B0461CEA64}.Debug|ARM64.ActiveCfg = Debug|Any CPU
		{08819B49-02B8-4F93-A143-F9B0461CEA64}.Debug|ARM64.Build.0 = Debug|Any CPU
		{08819B49-02B8-4F93-A143-F9B0461CEA64}.Debug|x64.ActiveCfg = Debug|Any CPU
		{08819B49-02B8-4F93-A143-F9B0461CEA64}.Debug|x64.Build.0 = Debug|Any CPU
		{08819B49-02B8-4F93-A143-F9B0461CEA64}.Debug|x86.ActiveCfg = Debug|Any CPU
		{08819B49-02B8-4F93-A143-F9B0461CEA64}.Debug|x86.Build.0 = Debug|Any CPU
		{08819B49-02B8-4F93-A143-F9B0461CEA64}.Release|Any CPU.ActiveCfg = Release|Any CPU
		{08819B49-02B8-4F93-A143-F9B0461CEA64}.Release|Any CPU.Build.0 = Release|Any CPU
		{08819B49-02B8-4F93-A143-F9B0461CEA64}.Release|ARM.ActiveCfg = Release|Any CPU
		{08819B49-02B8-4F93-A143-F9B0461CEA64}.Release|ARM.Build.0 = Release|Any CPU
		{08819B49-02B8-4F93-A143-F9B0461CEA64}.Release|ARM64.ActiveCfg = Release|Any CPU
		{08819B49-02B8-4F93-A143-F9B0461CEA64}.Release|ARM64.Build.0 = Release|Any CPU
		{08819B49-02B8-4F93-A143-F9B0461CEA64}.Release|x64.ActiveCfg = Release|Any CPU
		{08819B49-02B8-4F93-A143-F9B0461CEA64}.Release|x64.Build.0 = Release|Any CPU
		{08819B49-02B8-4F93-A143-F9B0461CEA64}.Release|x86.ActiveCfg = Release|Any CPU
		{08819B49-02B8-4F93-A143-F9B0461CEA64}.Release|x86.Build.0 = Release|Any CPU
		{B1427E8D-9175-42BE-8B90-A5A9CB4AAD51}.Debug|Any CPU.ActiveCfg = Debug|x86
		{B1427E8D-9175-42BE-8B90-A5A9CB4AAD51}.Debug|ARM.ActiveCfg = Debug|ARM
		{B1427E8D-9175-42BE-8B90-A5A9CB4AAD51}.Debug|ARM.Build.0 = Debug|ARM
		{B1427E8D-9175-42BE-8B90-A5A9CB4AAD51}.Debug|ARM.Deploy.0 = Debug|ARM
		{B1427E8D-9175-42BE-8B90-A5A9CB4AAD51}.Debug|ARM64.ActiveCfg = Debug|ARM64
		{B1427E8D-9175-42BE-8B90-A5A9CB4AAD51}.Debug|ARM64.Build.0 = Debug|ARM64
		{B1427E8D-9175-42BE-8B90-A5A9CB4AAD51}.Debug|ARM64.Deploy.0 = Debug|ARM64
		{B1427E8D-9175-42BE-8B90-A5A9CB4AAD51}.Debug|x64.ActiveCfg = Debug|x64
		{B1427E8D-9175-42BE-8B90-A5A9CB4AAD51}.Debug|x64.Build.0 = Debug|x64
		{B1427E8D-9175-42BE-8B90-A5A9CB4AAD51}.Debug|x64.Deploy.0 = Debug|x64
		{B1427E8D-9175-42BE-8B90-A5A9CB4AAD51}.Debug|x86.ActiveCfg = Debug|x86
		{B1427E8D-9175-42BE-8B90-A5A9CB4AAD51}.Debug|x86.Build.0 = Debug|x86
		{B1427E8D-9175-42BE-8B90-A5A9CB4AAD51}.Debug|x86.Deploy.0 = Debug|x86
		{B1427E8D-9175-42BE-8B90-A5A9CB4AAD51}.Release|Any CPU.ActiveCfg = Release|x86
		{B1427E8D-9175-42BE-8B90-A5A9CB4AAD51}.Release|ARM.ActiveCfg = Release|ARM
		{B1427E8D-9175-42BE-8B90-A5A9CB4AAD51}.Release|ARM.Build.0 = Release|ARM
		{B1427E8D-9175-42BE-8B90-A5A9CB4AAD51}.Release|ARM.Deploy.0 = Release|ARM
		{B1427E8D-9175-42BE-8B90-A5A9CB4AAD51}.Release|ARM64.ActiveCfg = Release|ARM64
		{B1427E8D-9175-42BE-8B90-A5A9CB4AAD51}.Release|ARM64.Build.0 = Release|ARM64
		{B1427E8D-9175-42BE-8B90-A5A9CB4AAD51}.Release|ARM64.Deploy.0 = Release|ARM64
		{B1427E8D-9175-42BE-8B90-A5A9CB4AAD51}.Release|x64.ActiveCfg = Release|x64
		{B1427E8D-9175-42BE-8B90-A5A9CB4AAD51}.Release|x64.Build.0 = Release|x64
		{B1427E8D-9175-42BE-8B90-A5A9CB4AAD51}.Release|x64.Deploy.0 = Release|x64
		{B1427E8D-9175-42BE-8B90-A5A9CB4AAD51}.Release|x86.ActiveCfg = Release|x86
		{B1427E8D-9175-42BE-8B90-A5A9CB4AAD51}.Release|x86.Build.0 = Release|x86
		{B1427E8D-9175-42BE-8B90-A5A9CB4AAD51}.Release|x86.Deploy.0 = Release|x86
	EndGlobalSection
	GlobalSection(SolutionProperties) = preSolution
		HideSolutionNode = FALSE
	EndGlobalSection
	GlobalSection(ExtensibilityGlobals) = postSolution
		SolutionGuid = {6A6764EF-3A8F-46BF-8CC8-C07DE889160A}
	EndGlobalSection
	GlobalSection(TestCaseManagementSettings) = postSolution
		CategoryFile = Esent.vsmdi
	EndGlobalSection
EndGlobal
